{
  "version": 1,
  "dependencies": {
    "net8.0-windows10.0.19041": {
      "Microsoft.DotNet.ILCompiler": {
        "type": "Direct",
        "requested": "[8.0.31, )",
        "resolved": "8.0.31",
        "contentHash": "FPlzoyWyfrMrnZghOyfIH5LILgtGSEfhlutcZJOx+HzwvkL0JUXFgj6pQBUo+JK32leyYK+cyhlZxgRCmLxKvQ=="
      },
      "Microsoft.NET.ILLink.Tasks": {
        "type": "Direct",
        "requested": "[8.0.31, )",
        "resolved": "8.0.31",
        "contentHash": "OJdAGATV2QoVWL11zlDLEluA06q8rK+cgZR47ohrO8V+Qj5z9dlvN7bG9/0e5t0IOe+yD8tREC0bpsEgDGrzIQ=="
      }
    },
    "net8.0-windows10.0.19041/win-x64": {
      "Microsoft.DotNet.ILCompiler": {
        "type": "Direct",
        "requested": "[8.0.31, )",
        "resolved": "8.0.31",
        "contentHash": "FPlzoyWyfrMrnZghOyfIH5LILgtGSEfhlutcZJOx+HzwvkL0JUXFgj6pQBUo+JK32leyYK+cyhlZxgRCmLxKvQ==",
        "dependencies": {
          "runtime.win-x64.Microsoft.DotNet.ILCompiler": "8.0.31"
        }
      },
      "runtime.win-x64.Microsoft.DotNet.ILCompiler": {
        "type": "Transitive",
        "resolved": "8.0.31",
        "contentHash": "HnGnmkXiWJcCtfe46BfTYYYPBWZKgYK0jM6wGuCKuiomjn5KODS6JlHfbYc6c251gCFM4CChVNBsruJkQqb1zw=="
      }
    }
  }
}